
Microsoft Visual Studio Solution File, Format Version 12.00
# Visual Studio Version 16
VisualStudioVersion = 16.0.30907.101
MinimumVisualStudioVersion = 10.0.40219.1
Project("{FAE04EC0-301F-11D3-BF4B-00C04F79EFBC}") = "dropbox10", "dropbox10\dropbox10.csproj", "{4F4F7510-CFEE-462D-BAA8-ECE48CB53484}"
EndProject
Global
	GlobalSection(SolutionConfigurationPlatforms) = preSolution
		Debug|Any CPU = Debug|Any CPU
		Release|Any CPU = Release|Any CPU
	EndGlobalSection
	GlobalSection(ProjectConfigurationPlatforms) = postSolution
		{4F4F7510-CFEE-462D-BAA8-ECE48CB53484}.Debug|Any CPU.ActiveCfg = Debug|Any CPU
		{4F4F7510-CFEE-462D-BAA8-ECE48CB53484}.Debug|Any CPU.Build.0 = Debug|Any CPU
		{4F4F7510-CFEE-462D-BAA8-ECE48CB53484}.Release|Any CPU.ActiveCfg = Release|Any CPU
		{4F4F7510-CFEE-462D-BAA8-ECE48CB53484}.Release|Any CPU.Build.0 = Release|Any CPU
	EndGlobalSection
	GlobalSection(SolutionProperties) = preSolution
		HideSolutionNode = FALSE
	EndGlobalSection
	GlobalSection(ExtensibilityGlobals) = postSolution
		SolutionGuid = {91AAD89F-E6A0-4D48-A3D1-F622AE5B0CF6}
	EndGlobalSection
EndGlobal
