
Microsoft Visual Studio Solution File, Format Version 12.00
# Visual Studio Version 16
VisualStudioVersion = 16.0.30907.101
MinimumVisualStudioVersion = 10.0.40219.1
Project("{FAE04EC0-301F-11D3-BF4B-00C04F79EFBC}") = "dropbox12", "dropbox12\dropbox12.csproj", "{32050A6A-AB5A-40E8-99B4-7E3EA224A85E}"
EndProject
Global
	GlobalSection(SolutionConfigurationPlatforms) = preSolution
		Debug|Any CPU = Debug|Any CPU
		Release|Any CPU = Release|Any CPU
	EndGlobalSection
	GlobalSection(ProjectConfigurationPlatforms) = postSolution
		{32050A6A-AB5A-40E8-99B4-7E3EA224A85E}.Debug|Any CPU.ActiveCfg = Debug|Any CPU
		{32050A6A-AB5A-40E8-99B4-7E3EA224A85E}.Debug|Any CPU.Build.0 = Debug|Any CPU
		{32050A6A-AB5A-40E8-99B4-7E3EA224A85E}.Release|Any CPU.ActiveCfg = Release|Any CPU
		{32050A6A-AB5A-40E8-99B4-7E3EA224A85E}.Release|Any CPU.Build.0 = Release|Any CPU
	EndGlobalSection
	GlobalSection(SolutionProperties) = preSolution
		HideSolutionNode = FALSE
	EndGlobalSection
	GlobalSection(ExtensibilityGlobals) = postSolution
		SolutionGuid = {9AC8A144-5F8C-418D-BC4D-5A129AF64FA4}
	EndGlobalSection
EndGlobal
